
Microsoft Visual Studio Solution File, Format Version 12.00
# Visual Studio Version 17
VisualStudioVersion = 17.5.33516.290
MinimumVisualStudioVersion = 10.0.40219.1
Project("{FAE04EC0-301F-11D3-BF4B-00C04F79EFBC}") = "ConsoleApp2", "ConsoleApp2\ConsoleApp2.csproj", "{1A10A995-6AEF-497C-99AF-CDD2323ADDDD}"
EndProject
Global
	GlobalSection(SolutionConfigurationPlatforms) = preSolution
		Debug|Any CPU = Debug|Any CPU
		Release|Any CPU = Release|Any CPU
	EndGlobalSection
	GlobalSection(ProjectConfigurationPlatforms) = postSolution
		{1A10A995-6AEF-497C-99AF-CDD2323ADDDD}.Debug|Any CPU.ActiveCfg = Debug|Any CPU
		{1A10A995-6AEF-497C-99AF-CDD2323ADDDD}.Debug|Any CPU.Build.0 = Debug|Any CPU
		{1A10A995-6AEF-497C-99AF-CDD2323ADDDD}.Release|Any CPU.ActiveCfg = Release|Any CPU
		{1A10A995-6AEF-497C-99AF-CDD2323ADDDD}.Release|Any CPU.Build.0 = Release|Any CPU
	EndGlobalSection
	GlobalSection(SolutionProperties) = preSolution
		HideSolutionNode = FALSE
	EndGlobalSection
	GlobalSection(ExtensibilityGlobals) = postSolution
		SolutionGuid = {9AF4FA7B-EEFA-4686-B7AB-F8EE9D5F43E5}
	EndGlobalSection
EndGlobal
