
Microsoft Visual Studio Solution File, Format Version 12.00
# Visual Studio Version 17
VisualStudioVersion = 17.5.33516.290
MinimumVisualStudioVersion = 10.0.40219.1
Project("{FAE04EC0-301F-11D3-BF4B-00C04F79EFBC}") = "JWTAuth.WebAPI", "JWTAuth.WebAPI\JWTAuth.WebAPI.csproj", "{894E83B2-8F59-4E16-A3CD-75AAD8792E8E}"
EndProject
Global
	GlobalSection(SolutionConfigurationPlatforms) = preSolution
		Debug|Any CPU = Debug|Any CPU
		Release|Any CPU = Release|Any CPU
	EndGlobalSection
	GlobalSection(ProjectConfigurationPlatforms) = postSolution
		{894E83B2-8F59-4E16-A3CD-75AAD8792E8E}.Debug|Any CPU.ActiveCfg = Debug|Any CPU
		{894E83B2-8F59-4E16-A3CD-75AAD8792E8E}.Debug|Any CPU.Build.0 = Debug|Any CPU
		{894E83B2-8F59-4E16-A3CD-75AAD8792E8E}.Release|Any CPU.ActiveCfg = Release|Any CPU
		{894E83B2-8F59-4E16-A3CD-75AAD8792E8E}.Release|Any CPU.Build.0 = Release|Any CPU
	EndGlobalSection
	GlobalSection(SolutionProperties) = preSolution
		HideSolutionNode = FALSE
	EndGlobalSection
	GlobalSection(ExtensibilityGlobals) = postSolution
		SolutionGuid = {06883F51-9C77-40E5-B87C-CF6350D70596}
	EndGlobalSection
EndGlobal
