
Microsoft Visual Studio Solution File, Format Version 12.00
# Visual Studio Version 17
VisualStudioVersion = 17.5.33516.290
MinimumVisualStudioVersion = 10.0.40219.1
Project("{FAE04EC0-301F-11D3-BF4B-00C04F79EFBC}") = "sorting", "sorting\sorting.csproj", "{53EC2C3D-915A-4B77-851E-EAB33961DFE9}"
EndProject
Global
	GlobalSection(SolutionConfigurationPlatforms) = preSolution
		Debug|Any CPU = Debug|Any CPU
		Release|Any CPU = Release|Any CPU
	EndGlobalSection
	GlobalSection(ProjectConfigurationPlatforms) = postSolution
		{53EC2C3D-915A-4B77-851E-EAB33961DFE9}.Debug|Any CPU.ActiveCfg = Debug|Any CPU
		{53EC2C3D-915A-4B77-851E-EAB33961DFE9}.Debug|Any CPU.Build.0 = Debug|Any CPU
		{53EC2C3D-915A-4B77-851E-EAB33961DFE9}.Release|Any CPU.ActiveCfg = Release|Any CPU
		{53EC2C3D-915A-4B77-851E-EAB33961DFE9}.Release|Any CPU.Build.0 = Release|Any CPU
	EndGlobalSection
	GlobalSection(SolutionProperties) = preSolution
		HideSolutionNode = FALSE
	EndGlobalSection
	GlobalSection(ExtensibilityGlobals) = postSolution
		SolutionGuid = {6BAB4D89-84A9-4C12-A40F-1B97C86894E0}
	EndGlobalSection
EndGlobal
