
Microsoft Visual Studio Solution File, Format Version 12.00
# Visual Studio Version 17
VisualStudioVersion = 17.5.33516.290
MinimumVisualStudioVersion = 10.0.40219.1
Project("{FAE04EC0-301F-11D3-BF4B-00C04F79EFBC}") = "Subarray", "Subarray\Subarray.csproj", "{83F8ECD0-EB42-4260-A34D-249D27785ADA}"
EndProject
Global
	GlobalSection(SolutionConfigurationPlatforms) = preSolution
		Debug|Any CPU = Debug|Any CPU
		Release|Any CPU = Release|Any CPU
	EndGlobalSection
	GlobalSection(ProjectConfigurationPlatforms) = postSolution
		{83F8ECD0-EB42-4260-A34D-249D27785ADA}.Debug|Any CPU.ActiveCfg = Debug|Any CPU
		{83F8ECD0-EB42-4260-A34D-249D27785ADA}.Debug|Any CPU.Build.0 = Debug|Any CPU
		{83F8ECD0-EB42-4260-A34D-249D27785ADA}.Release|Any CPU.ActiveCfg = Release|Any CPU
		{83F8ECD0-EB42-4260-A34D-249D27785ADA}.Release|Any CPU.Build.0 = Release|Any CPU
	EndGlobalSection
	GlobalSection(SolutionProperties) = preSolution
		HideSolutionNode = FALSE
	EndGlobalSection
	GlobalSection(ExtensibilityGlobals) = postSolution
		SolutionGuid = {14EDB1BA-73F8-4383-A523-B400F86E52BA}
	EndGlobalSection
EndGlobal
