
Microsoft Visual Studio Solution File, Format Version 12.00
# Visual Studio Version 17
VisualStudioVersion = 17.5.33516.290
MinimumVisualStudioVersion = 10.0.40219.1
Project("{FAE04EC0-301F-11D3-BF4B-00C04F79EFBC}") = "reverse", "reverse\reverse.csproj", "{CC7411B1-D022-44F0-82BB-3C69665CA5E8}"
EndProject
Global
	GlobalSection(SolutionConfigurationPlatforms) = preSolution
		Debug|Any CPU = Debug|Any CPU
		Release|Any CPU = Release|Any CPU
	EndGlobalSection
	GlobalSection(ProjectConfigurationPlatforms) = postSolution
		{CC7411B1-D022-44F0-82BB-3C69665CA5E8}.Debug|Any CPU.ActiveCfg = Debug|Any CPU
		{CC7411B1-D022-44F0-82BB-3C69665CA5E8}.Debug|Any CPU.Build.0 = Debug|Any CPU
		{CC7411B1-D022-44F0-82BB-3C69665CA5E8}.Release|Any CPU.ActiveCfg = Release|Any CPU
		{CC7411B1-D022-44F0-82BB-3C69665CA5E8}.Release|Any CPU.Build.0 = Release|Any CPU
	EndGlobalSection
	GlobalSection(SolutionProperties) = preSolution
		HideSolutionNode = FALSE
	EndGlobalSection
	GlobalSection(ExtensibilityGlobals) = postSolution
		SolutionGuid = {FF600F56-119F-4BD7-B307-3693311D53C7}
	EndGlobalSection
EndGlobal
