
Microsoft Visual Studio Solution File, Format Version 12.00
# Visual Studio Version 17
VisualStudioVersion = 17.5.33516.290
MinimumVisualStudioVersion = 10.0.40219.1
Project("{FAE04EC0-301F-11D3-BF4B-00C04F79EFBC}") = "Absolute difference", "Absolute difference\Absolute difference.csproj", "{B1C5A60E-A1D5-454F-BC22-59CAD9D1ACD4}"
EndProject
Global
	GlobalSection(SolutionConfigurationPlatforms) = preSolution
		Debug|Any CPU = Debug|Any CPU
		Release|Any CPU = Release|Any CPU
	EndGlobalSection
	GlobalSection(ProjectConfigurationPlatforms) = postSolution
		{B1C5A60E-A1D5-454F-BC22-59CAD9D1ACD4}.Debug|Any CPU.ActiveCfg = Debug|Any CPU
		{B1C5A60E-A1D5-454F-BC22-59CAD9D1ACD4}.Debug|Any CPU.Build.0 = Debug|Any CPU
		{B1C5A60E-A1D5-454F-BC22-59CAD9D1ACD4}.Release|Any CPU.ActiveCfg = Release|Any CPU
		{B1C5A60E-A1D5-454F-BC22-59CAD9D1ACD4}.Release|Any CPU.Build.0 = Release|Any CPU
	EndGlobalSection
	GlobalSection(SolutionProperties) = preSolution
		HideSolutionNode = FALSE
	EndGlobalSection
	GlobalSection(ExtensibilityGlobals) = postSolution
		SolutionGuid = {7AC87933-F424-4904-8727-3BD00372135A}
	EndGlobalSection
EndGlobal
