
Microsoft Visual Studio Solution File, Format Version 12.00
# Visual Studio Version 17
VisualStudioVersion = 17.5.33516.290
MinimumVisualStudioVersion = 10.0.40219.1
Project("{FAE04EC0-301F-11D3-BF4B-00C04F79EFBC}") = "ArrayList", "ArrayList\ArrayList.csproj", "{E7A59EB7-A38D-4491-884E-44193E52BC25}"
EndProject
Global
	GlobalSection(SolutionConfigurationPlatforms) = preSolution
		Debug|Any CPU = Debug|Any CPU
		Release|Any CPU = Release|Any CPU
	EndGlobalSection
	GlobalSection(ProjectConfigurationPlatforms) = postSolution
		{E7A59EB7-A38D-4491-884E-44193E52BC25}.Debug|Any CPU.ActiveCfg = Debug|Any CPU
		{E7A59EB7-A38D-4491-884E-44193E52BC25}.Debug|Any CPU.Build.0 = Debug|Any CPU
		{E7A59EB7-A38D-4491-884E-44193E52BC25}.Release|Any CPU.ActiveCfg = Release|Any CPU
		{E7A59EB7-A38D-4491-884E-44193E52BC25}.Release|Any CPU.Build.0 = Release|Any CPU
	EndGlobalSection
	GlobalSection(SolutionProperties) = preSolution
		HideSolutionNode = FALSE
	EndGlobalSection
	GlobalSection(ExtensibilityGlobals) = postSolution
		SolutionGuid = {9355288F-21DD-456F-8843-9FE37F2D5308}
	EndGlobalSection
EndGlobal
