
Microsoft Visual Studio Solution File, Format Version 12.00
# Visual Studio Version 17
VisualStudioVersion = 17.5.33516.290
MinimumVisualStudioVersion = 10.0.40219.1
Project("{FAE04EC0-301F-11D3-BF4B-00C04F79EFBC}") = "SampleLinQ", "SampleLinQ\SampleLinQ.csproj", "{BF53DB24-CC07-458C-85E3-F57A69BB7A9D}"
EndProject
Global
	GlobalSection(SolutionConfigurationPlatforms) = preSolution
		Debug|Any CPU = Debug|Any CPU
		Release|Any CPU = Release|Any CPU
	EndGlobalSection
	GlobalSection(ProjectConfigurationPlatforms) = postSolution
		{BF53DB24-CC07-458C-85E3-F57A69BB7A9D}.Debug|Any CPU.ActiveCfg = Debug|Any CPU
		{BF53DB24-CC07-458C-85E3-F57A69BB7A9D}.Debug|Any CPU.Build.0 = Debug|Any CPU
		{BF53DB24-CC07-458C-85E3-F57A69BB7A9D}.Release|Any CPU.ActiveCfg = Release|Any CPU
		{BF53DB24-CC07-458C-85E3-F57A69BB7A9D}.Release|Any CPU.Build.0 = Release|Any CPU
	EndGlobalSection
	GlobalSection(SolutionProperties) = preSolution
		HideSolutionNode = FALSE
	EndGlobalSection
	GlobalSection(ExtensibilityGlobals) = postSolution
		SolutionGuid = {4E0148C4-ED91-4268-84F6-6E2CB1847145}
	EndGlobalSection
EndGlobal
