
Microsoft Visual Studio Solution File, Format Version 12.00
# Visual Studio Version 17
VisualStudioVersion = 17.5.33516.290
MinimumVisualStudioVersion = 10.0.40219.1
Project("{FAE04EC0-301F-11D3-BF4B-00C04F79EFBC}") = "generics", "generics\generics.csproj", "{BCA35C22-D74D-4CCF-95F3-6C52683A997A}"
EndProject
Global
	GlobalSection(SolutionConfigurationPlatforms) = preSolution
		Debug|Any CPU = Debug|Any CPU
		Release|Any CPU = Release|Any CPU
	EndGlobalSection
	GlobalSection(ProjectConfigurationPlatforms) = postSolution
		{BCA35C22-D74D-4CCF-95F3-6C52683A997A}.Debug|Any CPU.ActiveCfg = Debug|Any CPU
		{BCA35C22-D74D-4CCF-95F3-6C52683A997A}.Debug|Any CPU.Build.0 = Debug|Any CPU
		{BCA35C22-D74D-4CCF-95F3-6C52683A997A}.Release|Any CPU.ActiveCfg = Release|Any CPU
		{BCA35C22-D74D-4CCF-95F3-6C52683A997A}.Release|Any CPU.Build.0 = Release|Any CPU
	EndGlobalSection
	GlobalSection(SolutionProperties) = preSolution
		HideSolutionNode = FALSE
	EndGlobalSection
	GlobalSection(ExtensibilityGlobals) = postSolution
		SolutionGuid = {CBAF39B5-E2A7-40E2-A99A-90A7931F91D9}
	EndGlobalSection
EndGlobal
