
Microsoft Visual Studio Solution File, Format Version 12.00
# Visual Studio Version 17
VisualStudioVersion = 17.5.33516.290
MinimumVisualStudioVersion = 10.0.40219.1
Project("{FAE04EC0-301F-11D3-BF4B-00C04F79EFBC}") = "DelegateMoney", "DelegateMoney\DelegateMoney.csproj", "{EE5E95ED-4868-407B-BE68-8AEB591F1C26}"
EndProject
Global
	GlobalSection(SolutionConfigurationPlatforms) = preSolution
		Debug|Any CPU = Debug|Any CPU
		Release|Any CPU = Release|Any CPU
	EndGlobalSection
	GlobalSection(ProjectConfigurationPlatforms) = postSolution
		{EE5E95ED-4868-407B-BE68-8AEB591F1C26}.Debug|Any CPU.ActiveCfg = Debug|Any CPU
		{EE5E95ED-4868-407B-BE68-8AEB591F1C26}.Debug|Any CPU.Build.0 = Debug|Any CPU
		{EE5E95ED-4868-407B-BE68-8AEB591F1C26}.Release|Any CPU.ActiveCfg = Release|Any CPU
		{EE5E95ED-4868-407B-BE68-8AEB591F1C26}.Release|Any CPU.Build.0 = Release|Any CPU
	EndGlobalSection
	GlobalSection(SolutionProperties) = preSolution
		HideSolutionNode = FALSE
	EndGlobalSection
	GlobalSection(ExtensibilityGlobals) = postSolution
		SolutionGuid = {798568E1-2BC7-46FA-8C64-CDA604B8F3F9}
	EndGlobalSection
EndGlobal
