
Microsoft Visual Studio Solution File, Format Version 12.00
# Visual Studio Version 17
VisualStudioVersion = 17.5.33516.290
MinimumVisualStudioVersion = 10.0.40219.1
Project("{FAE04EC0-301F-11D3-BF4B-00C04F79EFBC}") = "ArrayEg1", "ArrayEg1\ArrayEg1.csproj", "{A6B968C2-CACE-46FB-85C2-B6CCC22A88EC}"
EndProject
Global
	GlobalSection(SolutionConfigurationPlatforms) = preSolution
		Debug|Any CPU = Debug|Any CPU
		Release|Any CPU = Release|Any CPU
	EndGlobalSection
	GlobalSection(ProjectConfigurationPlatforms) = postSolution
		{A6B968C2-CACE-46FB-85C2-B6CCC22A88EC}.Debug|Any CPU.ActiveCfg = Debug|Any CPU
		{A6B968C2-CACE-46FB-85C2-B6CCC22A88EC}.Debug|Any CPU.Build.0 = Debug|Any CPU
		{A6B968C2-CACE-46FB-85C2-B6CCC22A88EC}.Release|Any CPU.ActiveCfg = Release|Any CPU
		{A6B968C2-CACE-46FB-85C2-B6CCC22A88EC}.Release|Any CPU.Build.0 = Release|Any CPU
	EndGlobalSection
	GlobalSection(SolutionProperties) = preSolution
		HideSolutionNode = FALSE
	EndGlobalSection
	GlobalSection(ExtensibilityGlobals) = postSolution
		SolutionGuid = {D285C56C-3CBD-4E5B-819F-C2141CA005F2}
	EndGlobalSection
EndGlobal
