
Microsoft Visual Studio Solution File, Format Version 12.00
# Visual Studio Version 17
VisualStudioVersion = 17.5.33516.290
MinimumVisualStudioVersion = 10.0.40219.1
Project("{FAE04EC0-301F-11D3-BF4B-00C04F79EFBC}") = "AnonymousAdd", "AnonymousAdd\AnonymousAdd.csproj", "{972FAF67-831F-45AE-808D-216568013226}"
EndProject
Global
	GlobalSection(SolutionConfigurationPlatforms) = preSolution
		Debug|Any CPU = Debug|Any CPU
		Release|Any CPU = Release|Any CPU
	EndGlobalSection
	GlobalSection(ProjectConfigurationPlatforms) = postSolution
		{972FAF67-831F-45AE-808D-216568013226}.Debug|Any CPU.ActiveCfg = Debug|Any CPU
		{972FAF67-831F-45AE-808D-216568013226}.Debug|Any CPU.Build.0 = Debug|Any CPU
		{972FAF67-831F-45AE-808D-216568013226}.Release|Any CPU.ActiveCfg = Release|Any CPU
		{972FAF67-831F-45AE-808D-216568013226}.Release|Any CPU.Build.0 = Release|Any CPU
	EndGlobalSection
	GlobalSection(SolutionProperties) = preSolution
		HideSolutionNode = FALSE
	EndGlobalSection
	GlobalSection(ExtensibilityGlobals) = postSolution
		SolutionGuid = {D45E2036-365D-4379-8D82-8FBBEB397DAE}
	EndGlobalSection
EndGlobal
