
Microsoft Visual Studio Solution File, Format Version 12.00
# Visual Studio Version 17
VisualStudioVersion = 17.5.33516.290
MinimumVisualStudioVersion = 10.0.40219.1
Project("{FAE04EC0-301F-11D3-BF4B-00C04F79EFBC}") = "RegExpr", "RegExpr\RegExpr.csproj", "{AA8AF119-B1CE-44C7-BEB9-AFBE58249CBD}"
EndProject
Global
	GlobalSection(SolutionConfigurationPlatforms) = preSolution
		Debug|Any CPU = Debug|Any CPU
		Release|Any CPU = Release|Any CPU
	EndGlobalSection
	GlobalSection(ProjectConfigurationPlatforms) = postSolution
		{AA8AF119-B1CE-44C7-BEB9-AFBE58249CBD}.Debug|Any CPU.ActiveCfg = Debug|Any CPU
		{AA8AF119-B1CE-44C7-BEB9-AFBE58249CBD}.Debug|Any CPU.Build.0 = Debug|Any CPU
		{AA8AF119-B1CE-44C7-BEB9-AFBE58249CBD}.Release|Any CPU.ActiveCfg = Release|Any CPU
		{AA8AF119-B1CE-44C7-BEB9-AFBE58249CBD}.Release|Any CPU.Build.0 = Release|Any CPU
	EndGlobalSection
	GlobalSection(SolutionProperties) = preSolution
		HideSolutionNode = FALSE
	EndGlobalSection
	GlobalSection(ExtensibilityGlobals) = postSolution
		SolutionGuid = {0DE7DBA7-4B4A-4B69-BAD7-154550D77DBA}
	EndGlobalSection
EndGlobal
