
Microsoft Visual Studio Solution File, Format Version 12.00
# Visual Studio Version 17
VisualStudioVersion = 17.5.33516.290
MinimumVisualStudioVersion = 10.0.40219.1
Project("{FAE04EC0-301F-11D3-BF4B-00C04F79EFBC}") = "Debuggdemo", "Debuggdemo\Debuggdemo.csproj", "{7E29A9F4-CCF2-4390-9561-60A8E88D677B}"
EndProject
Global
	GlobalSection(SolutionConfigurationPlatforms) = preSolution
		Debug|Any CPU = Debug|Any CPU
		Release|Any CPU = Release|Any CPU
	EndGlobalSection
	GlobalSection(ProjectConfigurationPlatforms) = postSolution
		{7E29A9F4-CCF2-4390-9561-60A8E88D677B}.Debug|Any CPU.ActiveCfg = Debug|Any CPU
		{7E29A9F4-CCF2-4390-9561-60A8E88D677B}.Debug|Any CPU.Build.0 = Debug|Any CPU
		{7E29A9F4-CCF2-4390-9561-60A8E88D677B}.Release|Any CPU.ActiveCfg = Release|Any CPU
		{7E29A9F4-CCF2-4390-9561-60A8E88D677B}.Release|Any CPU.Build.0 = Release|Any CPU
	EndGlobalSection
	GlobalSection(SolutionProperties) = preSolution
		HideSolutionNode = FALSE
	EndGlobalSection
	GlobalSection(ExtensibilityGlobals) = postSolution
		SolutionGuid = {B5A2EBF5-0F39-44C9-8648-CADE7B708956}
	EndGlobalSection
EndGlobal
