
Microsoft Visual Studio Solution File, Format Version 12.00
# Visual Studio Version 17
VisualStudioVersion = 17.5.33516.290
MinimumVisualStudioVersion = 10.0.40219.1
Project("{FAE04EC0-301F-11D3-BF4B-00C04F79EFBC}") = "currency", "currency\currency.csproj", "{C7638FC6-DA11-42B1-BD5C-C96C648989FC}"
EndProject
Global
	GlobalSection(SolutionConfigurationPlatforms) = preSolution
		Debug|Any CPU = Debug|Any CPU
		Release|Any CPU = Release|Any CPU
	EndGlobalSection
	GlobalSection(ProjectConfigurationPlatforms) = postSolution
		{C7638FC6-DA11-42B1-BD5C-C96C648989FC}.Debug|Any CPU.ActiveCfg = Debug|Any CPU
		{C7638FC6-DA11-42B1-BD5C-C96C648989FC}.Debug|Any CPU.Build.0 = Debug|Any CPU
		{C7638FC6-DA11-42B1-BD5C-C96C648989FC}.Release|Any CPU.ActiveCfg = Release|Any CPU
		{C7638FC6-DA11-42B1-BD5C-C96C648989FC}.Release|Any CPU.Build.0 = Release|Any CPU
	EndGlobalSection
	GlobalSection(SolutionProperties) = preSolution
		HideSolutionNode = FALSE
	EndGlobalSection
	GlobalSection(ExtensibilityGlobals) = postSolution
		SolutionGuid = {F5ABD69B-5D05-456C-8E99-861422AFC8F0}
	EndGlobalSection
EndGlobal
