
Microsoft Visual Studio Solution File, Format Version 12.00
# Visual Studio Version 17
VisualStudioVersion = 17.5.33516.290
MinimumVisualStudioVersion = 10.0.40219.1
Project("{FAE04EC0-301F-11D3-BF4B-00C04F79EFBC}") = "Ratio", "Ratio\Ratio.csproj", "{FB7DD73E-E6AA-48AE-A3FD-F6D41FBC313F}"
EndProject
Global
	GlobalSection(SolutionConfigurationPlatforms) = preSolution
		Debug|Any CPU = Debug|Any CPU
		Release|Any CPU = Release|Any CPU
	EndGlobalSection
	GlobalSection(ProjectConfigurationPlatforms) = postSolution
		{FB7DD73E-E6AA-48AE-A3FD-F6D41FBC313F}.Debug|Any CPU.ActiveCfg = Debug|Any CPU
		{FB7DD73E-E6AA-48AE-A3FD-F6D41FBC313F}.Debug|Any CPU.Build.0 = Debug|Any CPU
		{FB7DD73E-E6AA-48AE-A3FD-F6D41FBC313F}.Release|Any CPU.ActiveCfg = Release|Any CPU
		{FB7DD73E-E6AA-48AE-A3FD-F6D41FBC313F}.Release|Any CPU.Build.0 = Release|Any CPU
	EndGlobalSection
	GlobalSection(SolutionProperties) = preSolution
		HideSolutionNode = FALSE
	EndGlobalSection
	GlobalSection(ExtensibilityGlobals) = postSolution
		SolutionGuid = {44107696-6409-4B63-97D2-07F79D9EC8C7}
	EndGlobalSection
EndGlobal
