
Microsoft Visual Studio Solution File, Format Version 12.00
# Visual Studio Version 17
VisualStudioVersion = 17.5.33516.290
MinimumVisualStudioVersion = 10.0.40219.1
Project("{FAE04EC0-301F-11D3-BF4B-00C04F79EFBC}") = "Interface", "Interface\Interface.csproj", "{22B0D189-51C6-47EF-960F-84BBADEB1387}"
EndProject
Global
	GlobalSection(SolutionConfigurationPlatforms) = preSolution
		Debug|Any CPU = Debug|Any CPU
		Release|Any CPU = Release|Any CPU
	EndGlobalSection
	GlobalSection(ProjectConfigurationPlatforms) = postSolution
		{22B0D189-51C6-47EF-960F-84BBADEB1387}.Debug|Any CPU.ActiveCfg = Debug|Any CPU
		{22B0D189-51C6-47EF-960F-84BBADEB1387}.Debug|Any CPU.Build.0 = Debug|Any CPU
		{22B0D189-51C6-47EF-960F-84BBADEB1387}.Release|Any CPU.ActiveCfg = Release|Any CPU
		{22B0D189-51C6-47EF-960F-84BBADEB1387}.Release|Any CPU.Build.0 = Release|Any CPU
	EndGlobalSection
	GlobalSection(SolutionProperties) = preSolution
		HideSolutionNode = FALSE
	EndGlobalSection
	GlobalSection(ExtensibilityGlobals) = postSolution
		SolutionGuid = {2D72955D-86D8-4BAA-9B61-59C5BD2900FB}
	EndGlobalSection
EndGlobal
