
Microsoft Visual Studio Solution File, Format Version 12.00
# Visual Studio Version 17
VisualStudioVersion = 17.5.33516.290
MinimumVisualStudioVersion = 10.0.40219.1
Project("{FAE04EC0-301F-11D3-BF4B-00C04F79EFBC}") = "DeleggateDemo", "DeleggateDemo\DeleggateDemo.csproj", "{03BA0F2C-7801-4E36-8B7C-7B11D58AB33C}"
EndProject
Global
	GlobalSection(SolutionConfigurationPlatforms) = preSolution
		Debug|Any CPU = Debug|Any CPU
		Release|Any CPU = Release|Any CPU
	EndGlobalSection
	GlobalSection(ProjectConfigurationPlatforms) = postSolution
		{03BA0F2C-7801-4E36-8B7C-7B11D58AB33C}.Debug|Any CPU.ActiveCfg = Debug|Any CPU
		{03BA0F2C-7801-4E36-8B7C-7B11D58AB33C}.Debug|Any CPU.Build.0 = Debug|Any CPU
		{03BA0F2C-7801-4E36-8B7C-7B11D58AB33C}.Release|Any CPU.ActiveCfg = Release|Any CPU
		{03BA0F2C-7801-4E36-8B7C-7B11D58AB33C}.Release|Any CPU.Build.0 = Release|Any CPU
	EndGlobalSection
	GlobalSection(SolutionProperties) = preSolution
		HideSolutionNode = FALSE
	EndGlobalSection
	GlobalSection(ExtensibilityGlobals) = postSolution
		SolutionGuid = {DD2739B5-3DFA-497A-A591-9643F083B1BA}
	EndGlobalSection
EndGlobal
